
Microsoft Visual Studio Solution File, Format Version 12.00
# Visual Studio Version 17
VisualStudioVersion = 17.13.35931.197
MinimumVisualStudioVersion = 10.0.40219.1
Project("{FAE04EC0-301F-11D3-BF4B-00C04F79EFBC}") = "Domain", "Domain\Domain.csproj", "{0773AE7D-891C-4F8F-AE69-1556E46EB053}"
EndProject
Project("{FAE04EC0-301F-11D3-BF4B-00C04F79EFBC}") = "Application", "Application\Application.csproj", "{C03D0EB7-4804-4D28-BFD0-F5634ED5A2C0}"
EndProject
Project("{FAE04EC0-301F-11D3-BF4B-00C04F79EFBC}") = "Infrastructure", "Infrastructure\Infrastructure.csproj", "{6B23CBD6-7066-4E35-9916-B43D18FA083B}"
EndProject
Project("{FAE04EC0-301F-11D3-BF4B-00C04F79EFBC}") = "Api", "Api\Api.csproj", "{5CB9BA10-8F6A-4A63-BD83-34F3F60FBC13}"
EndProject
Global
	GlobalSection(SolutionConfigurationPlatforms) = preSolution
		Debug|Any CPU = Debug|Any CPU
		Release|Any CPU = Release|Any CPU
	EndGlobalSection
	GlobalSection(ProjectConfigurationPlatforms) = postSolution
		{0773AE7D-891C-4F8F-AE69-1556E46EB053}.Debug|Any CPU.ActiveCfg = Debug|Any CPU
		{0773AE7D-891C-4F8F-AE69-1556E46EB053}.Debug|Any CPU.Build.0 = Debug|Any CPU
		{0773AE7D-891C-4F8F-AE69-1556E46EB053}.Release|Any CPU.ActiveCfg = Release|Any CPU
		{0773AE7D-891C-4F8F-AE69-1556E46EB053}.Release|Any CPU.Build.0 = Release|Any CPU
		{C03D0EB7-4804-4D28-BFD0-F5634ED5A2C0}.Debug|Any CPU.ActiveCfg = Debug|Any CPU
		{C03D0EB7-4804-4D28-BFD0-F5634ED5A2C0}.Debug|Any CPU.Build.0 = Debug|Any CPU
		{C03D0EB7-4804-4D28-BFD0-F5634ED5A2C0}.Release|Any CPU.ActiveCfg = Release|Any CPU
		{C03D0EB7-4804-4D28-BFD0-F5634ED5A2C0}.Release|Any CPU.Build.0 = Release|Any CPU
		{6B23CBD6-7066-4E35-9916-B43D18FA083B}.Debug|Any CPU.ActiveCfg = Debug|Any CPU
		{6B23CBD6-7066-4E35-9916-B43D18FA083B}.Debug|Any CPU.Build.0 = Debug|Any CPU
		{6B23CBD6-7066-4E35-9916-B43D18FA083B}.Release|Any CPU.ActiveCfg = Release|Any CPU
		{6B23CBD6-7066-4E35-9916-B43D18FA083B}.Release|Any CPU.Build.0 = Release|Any CPU
		{5CB9BA10-8F6A-4A63-BD83-34F3F60FBC13}.Debug|Any CPU.ActiveCfg = Debug|Any CPU
		{5CB9BA10-8F6A-4A63-BD83-34F3F60FBC13}.Debug|Any CPU.Build.0 = Debug|Any CPU
		{5CB9BA10-8F6A-4A63-BD83-34F3F60FBC13}.Release|Any CPU.ActiveCfg = Release|Any CPU
		{5CB9BA10-8F6A-4A63-BD83-34F3F60FBC13}.Release|Any CPU.Build.0 = Release|Any CPU
	EndGlobalSection
	GlobalSection(SolutionProperties) = preSolution
		HideSolutionNode = FALSE
	EndGlobalSection
	GlobalSection(ExtensibilityGlobals) = postSolution
		SolutionGuid = {0C320F7A-05F1-4F96-BA38-04072DE61320}
	EndGlobalSection
EndGlobal
